
Microsoft Visual Studio Solution File, Format Version 12.00
# Visual Studio 15
VisualStudioVersion = 15.0.26730.12
MinimumVisualStudioVersion = 10.0.40219.1
Project("{9A19103F-16F7-4668-BE54-9A1E7A4F7556}") = "Tools.SerilogConfiguration", "Tools.SerilogConfiguration\Tools.SerilogConfiguration.csproj", "{C02F0AD2-BE8A-4664-9D0C-0FCBBEF1511B}"
EndProject
Project("{FAE04EC0-301F-11D3-BF4B-00C04F79EFBC}") = "Tools.EventStoreSerilogLogger", "Tools.EventStoreSerilogLogger\Tools.EventStoreSerilogLogger.csproj", "{63115746-C58A-49CB-8BA3-DB184204F1DF}"
EndProject
Global
	GlobalSection(SolutionConfigurationPlatforms) = preSolution
		Debug|Any CPU = Debug|Any CPU
		Release|Any CPU = Release|Any CPU
	EndGlobalSection
	GlobalSection(ProjectConfigurationPlatforms) = postSolution
		{C02F0AD2-BE8A-4664-9D0C-0FCBBEF1511B}.Debug|Any CPU.ActiveCfg = Debug|Any CPU
		{C02F0AD2-BE8A-4664-9D0C-0FCBBEF1511B}.Debug|Any CPU.Build.0 = Debug|Any CPU
		{C02F0AD2-BE8A-4664-9D0C-0FCBBEF1511B}.Release|Any CPU.ActiveCfg = Release|Any CPU
		{C02F0AD2-BE8A-4664-9D0C-0FCBBEF1511B}.Release|Any CPU.Build.0 = Release|Any CPU
		{63115746-C58A-49CB-8BA3-DB184204F1DF}.Debug|Any CPU.ActiveCfg = Debug|Any CPU
		{63115746-C58A-49CB-8BA3-DB184204F1DF}.Debug|Any CPU.Build.0 = Debug|Any CPU
		{63115746-C58A-49CB-8BA3-DB184204F1DF}.Release|Any CPU.ActiveCfg = Release|Any CPU
		{63115746-C58A-49CB-8BA3-DB184204F1DF}.Release|Any CPU.Build.0 = Release|Any CPU
	EndGlobalSection
	GlobalSection(SolutionProperties) = preSolution
		HideSolutionNode = FALSE
	EndGlobalSection
	GlobalSection(ExtensibilityGlobals) = postSolution
		SolutionGuid = {C4B57B23-1495-49CD-AE74-18F2E0441A46}
	EndGlobalSection
EndGlobal
